
Microsoft Visual Studio Solution File, Format Version 12.00
# Visual Studio 15
VisualStudioVersion = 15.0.27703.2000
MinimumVisualStudioVersion = 10.0.40219.1
Project("{FAE04EC0-301F-11D3-BF4B-00C04F79EFBC}") = "LoanProject", "LoanProject\LoanProject.csproj", "{777D085B-830F-4D46-88F1-3426B77F9516}"
EndProject
Global
	GlobalSection(SolutionConfigurationPlatforms) = preSolution
		Debug|Any CPU = Debug|Any CPU
		Release|Any CPU = Release|Any CPU
	EndGlobalSection
	GlobalSection(ProjectConfigurationPlatforms) = postSolution
		{777D085B-830F-4D46-88F1-3426B77F9516}.Debug|Any CPU.ActiveCfg = Debug|Any CPU
		{777D085B-830F-4D46-88F1-3426B77F9516}.Debug|Any CPU.Build.0 = Debug|Any CPU
		{777D085B-830F-4D46-88F1-3426B77F9516}.Release|Any CPU.ActiveCfg = Release|Any CPU
		{777D085B-830F-4D46-88F1-3426B77F9516}.Release|Any CPU.Build.0 = Release|Any CPU
	EndGlobalSection
	GlobalSection(SolutionProperties) = preSolution
		HideSolutionNode = FALSE
	EndGlobalSection
	GlobalSection(ExtensibilityGlobals) = postSolution
		SolutionGuid = {E8E9F549-F739-45EA-AD80-5E796CC95823}
	EndGlobalSection
EndGlobal
